
Microsoft Visual Studio Solution File, Format Version 12.00
# Visual Studio 15
VisualStudioVersion = 15.0.28307.705
MinimumVisualStudioVersion = 10.0.40219.1
Project("{FAE04EC0-301F-11D3-BF4B-00C04F79EFBC}") = "CarFactory", "CarFactory\CarFactory.csproj", "{9407421F-2ED6-42F7-842F-3090A49199EE}"
EndProject
Project("{FAE04EC0-301F-11D3-BF4B-00C04F79EFBC}") = "SimpleDI", "SimpleDI\SimpleDI.csproj", "{C316AE41-AFEE-4FB9-AD9B-D17817A453D2}"
EndProject
Global
	GlobalSection(SolutionConfigurationPlatforms) = preSolution
		Debug|Any CPU = Debug|Any CPU
		Release|Any CPU = Release|Any CPU
	EndGlobalSection
	GlobalSection(ProjectConfigurationPlatforms) = postSolution
		{9407421F-2ED6-42F7-842F-3090A49199EE}.Debug|Any CPU.ActiveCfg = Debug|Any CPU
		{9407421F-2ED6-42F7-842F-3090A49199EE}.Debug|Any CPU.Build.0 = Debug|Any CPU
		{9407421F-2ED6-42F7-842F-3090A49199EE}.Release|Any CPU.ActiveCfg = Release|Any CPU
		{9407421F-2ED6-42F7-842F-3090A49199EE}.Release|Any CPU.Build.0 = Release|Any CPU
		{C316AE41-AFEE-4FB9-AD9B-D17817A453D2}.Debug|Any CPU.ActiveCfg = Debug|Any CPU
		{C316AE41-AFEE-4FB9-AD9B-D17817A453D2}.Debug|Any CPU.Build.0 = Debug|Any CPU
		{C316AE41-AFEE-4FB9-AD9B-D17817A453D2}.Release|Any CPU.ActiveCfg = Release|Any CPU
		{C316AE41-AFEE-4FB9-AD9B-D17817A453D2}.Release|Any CPU.Build.0 = Release|Any CPU
	EndGlobalSection
	GlobalSection(SolutionProperties) = preSolution
		HideSolutionNode = FALSE
	EndGlobalSection
	GlobalSection(ExtensibilityGlobals) = postSolution
		SolutionGuid = {2E4A0D3A-01C5-47FC-9A92-5822AF05B29D}
	EndGlobalSection
EndGlobal
